<?xml version="1.0" encoding="utf-8"?>
<Project ToolsVersion="4.0" xmlns="http://schemas.microsoft.com/developer/msbuild/2003">
  <ItemGroup>
    <Filter Include="Header/Source Files">
      <UniqueIdentifier>{93995380-89BD-4b04-88EB-625FBE52EBFB}</UniqueIdentifier>
      <Extensions>h;hpp;hxx;hm;inl;inc;xsd</Extensions>
    </Filter>
    <Filter Include="Header/Source Files\Engine">
      <UniqueIdentifier>{42132125-03aa-43f0-a391-20db2d53f463}</UniqueIdentifier>
    </Filter>
    <Filter Include="Header/Source Files\Engine\Core">
      <UniqueIdentifier>{84145602-7385-4d0f-bd61-f9da7595cef5}</UniqueIdentifier>
    </Filter>
    <Filter Include="Header/Source Files\Engine\Core\Math">
      <UniqueIdentifier>{c88ebff0-1bb2-4e03-8bee-1d1e816585f8}</UniqueIdentifier>
    </Filter>
    <Filter Include="Header/Source Files\Engine\Sound">
      <UniqueIdentifier>{93fc0621-a742-4b01-9006-4d361c8da7bd}</UniqueIdentifier>
    </Filter>
    <Filter Include="Header/Source Files\Engine\Graphics">
      <UniqueIdentifier>{f22cd075-aede-4b4a-b472-e7549f48e3fb}</UniqueIdentifier>
    </Filter>
    <Filter Include="Header/Source Files\Engine\Input">
      <UniqueIdentifier>{e1013c63-d119-43bb-8500-07ab55acef63}</UniqueIdentifier>
    </Filter>
    <Filter Include="Header/Source Files\Arkanoid">
      <UniqueIdentifier>{bcd22a8b-0a1f-42ac-87af-4fbfaf5f0903}</UniqueIdentifier>
    </Filter>
    <Filter Include="Header/Source Files\Engine\Entity">
      <UniqueIdentifier>{a93f5b77-fa80-499a-8564-9e9491801028}</UniqueIdentifier>
    </Filter>
  </ItemGroup>
  <ItemGroup>
    <ClCompile Include="..\..\Source\main.cpp">
      <Filter>Header/Source Files</Filter>
    </ClCompile>
    <ClCompile Include="..\..\Source\Engine\Core\Math\MathHelpers.cpp">
      <Filter>Header/Source Files\Engine\Core\Math</Filter>
    </ClCompile>
    <ClCompile Include="..\..\Source\Engine\AppBase.cpp">
      <Filter>Header/Source Files\Engine</Filter>
    </ClCompile>
    <ClCompile Include="..\..\Source\Engine\Sound\SoundSystem.cpp">
      <Filter>Header/Source Files\Engine\Sound</Filter>
    </ClCompile>
    <ClCompile Include="..\..\Source\Engine\Input\InputSystem.cpp">
      <Filter>Header/Source Files\Engine\Input</Filter>
    </ClCompile>
    <ClCompile Include="..\..\Source\Engine\Graphics\VisualSystem.cpp">
      <Filter>Header/Source Files\Engine\Graphics</Filter>
    </ClCompile>
    <ClCompile Include="..\..\Source\Engine\Input\InputListener.cpp">
      <Filter>Header/Source Files\Engine\Input</Filter>
    </ClCompile>
    <ClCompile Include="..\..\Source\Arkanoid\Arkanoid.cpp">
      <Filter>Header/Source Files\Arkanoid</Filter>
    </ClCompile>
    <ClCompile Include="..\..\Source\Arkanoid\Paddle.cpp">
      <Filter>Header/Source Files\Arkanoid</Filter>
    </ClCompile>
    <ClCompile Include="..\..\Source\Engine\Entity\World.cpp">
      <Filter>Header/Source Files\Engine\Entity</Filter>
    </ClCompile>
    <ClCompile Include="..\..\Source\Engine\Entity\Entity.cpp">
      <Filter>Header/Source Files\Engine\Entity</Filter>
    </ClCompile>
    <ClCompile Include="..\..\Source\Engine\EngineSystems.cpp">
      <Filter>Header/Source Files\Engine</Filter>
    </ClCompile>
    <ClCompile Include="..\..\Source\Engine\Sound\Sound.cpp">
      <Filter>Header/Source Files\Engine\Sound</Filter>
    </ClCompile>
    <ClCompile Include="..\..\Source\Arkanoid\LevelGenerator.cpp">
      <Filter>Header/Source Files\Arkanoid</Filter>
    </ClCompile>
    <ClCompile Include="..\..\Source\Engine\Entity\EntityFactory.cpp">
      <Filter>Header/Source Files\Engine\Entity</Filter>
    </ClCompile>
    <ClCompile Include="..\..\Source\Arkanoid\ArkanoidFactory.cpp">
      <Filter>Header/Source Files\Arkanoid</Filter>
    </ClCompile>
    <ClCompile Include="..\..\Source\Engine\Graphics\Visual.cpp">
      <Filter>Header/Source Files\Engine\Graphics</Filter>
    </ClCompile>
    <ClCompile Include="..\..\Source\Engine\Entity\EntitySystem.cpp">
      <Filter>Header/Source Files\Engine\Entity</Filter>
    </ClCompile>
  </ItemGroup>
  <ItemGroup>
    <ClInclude Include="..\..\Source\Engine\Core\Math\MathHelpers.h">
      <Filter>Header/Source Files\Engine\Core\Math</Filter>
    </ClInclude>
    <ClInclude Include="..\..\Source\Engine\Core\Math\Math.h">
      <Filter>Header/Source Files\Engine\Core\Math</Filter>
    </ClInclude>
    <ClInclude Include="..\..\Source\Engine\AppBase.h">
      <Filter>Header/Source Files\Engine</Filter>
    </ClInclude>
    <ClInclude Include="..\..\Source\Engine\Sound\SoundSystem.h">
      <Filter>Header/Source Files\Engine\Sound</Filter>
    </ClInclude>
    <ClInclude Include="..\..\Source\Engine\Input\InputSystem.h">
      <Filter>Header/Source Files\Engine\Input</Filter>
    </ClInclude>
    <ClInclude Include="..\..\Source\Engine\Graphics\VisualSystem.h">
      <Filter>Header/Source Files\Engine\Graphics</Filter>
    </ClInclude>
    <ClInclude Include="..\..\Source\Engine\Input\InputListener.h">
      <Filter>Header/Source Files\Engine\Input</Filter>
    </ClInclude>
    <ClInclude Include="..\..\Source\Engine\Input\InputCodes.h">
      <Filter>Header/Source Files\Engine\Input</Filter>
    </ClInclude>
    <ClInclude Include="..\..\Source\Arkanoid\Arkanoid.h">
      <Filter>Header/Source Files\Arkanoid</Filter>
    </ClInclude>
    <ClInclude Include="..\..\Source\Arkanoid\Paddle.h">
      <Filter>Header/Source Files\Arkanoid</Filter>
    </ClInclude>
    <ClInclude Include="..\..\Source\Engine\Entity\World.h">
      <Filter>Header/Source Files\Engine\Entity</Filter>
    </ClInclude>
    <ClInclude Include="..\..\Source\Engine\Entity\Entity.h">
      <Filter>Header/Source Files\Engine\Entity</Filter>
    </ClInclude>
    <ClInclude Include="..\..\Source\Engine\EngineSystems.h">
      <Filter>Header/Source Files\Engine</Filter>
    </ClInclude>
    <ClInclude Include="..\..\Source\Engine\Sound\Sound.h">
      <Filter>Header/Source Files\Engine\Sound</Filter>
    </ClInclude>
    <ClInclude Include="..\..\Source\Engine\Core\GlobalTypes.h">
      <Filter>Header/Source Files\Engine\Core</Filter>
    </ClInclude>
    <ClInclude Include="..\..\Source\Arkanoid\LevelGenerator.h">
      <Filter>Header/Source Files\Arkanoid</Filter>
    </ClInclude>
    <ClInclude Include="..\..\Source\Engine\SystemsInclude.h">
      <Filter>Header/Source Files\Engine</Filter>
    </ClInclude>
    <ClInclude Include="..\..\Source\Engine\SystemsInclude_fwd.h">
      <Filter>Header/Source Files\Engine</Filter>
    </ClInclude>
    <ClInclude Include="..\..\Source\Engine\Entity\EntityFactory.h">
      <Filter>Header/Source Files\Engine\Entity</Filter>
    </ClInclude>
    <ClInclude Include="..\..\Source\Arkanoid\ArkanoidFactory.h">
      <Filter>Header/Source Files\Arkanoid</Filter>
    </ClInclude>
    <ClInclude Include="..\..\Source\Engine\Graphics\Visual.h">
      <Filter>Header/Source Files\Engine\Graphics</Filter>
    </ClInclude>
    <ClInclude Include="..\..\Source\Engine\Entity\EntitySystem.h">
      <Filter>Header/Source Files\Engine\Entity</Filter>
    </ClInclude>
  </ItemGroup>
</Project>